{
  "name": "gitReadmeMd",
  "lockfileVersion": 2,
  "requires": true,
  "packages": {
    "": {
      "dependencies": {
        "clipboard.js": "^1.0.1",
        "file-saver": "^2.0.5"
      }
    },
    "node_modules/clipboard.js": {
      "version": "1.0.1",
      "resolved": "https://registry.npmjs.org/clipboard.js/-/clipboard.js-1.0.1.tgz",
      "integrity": "sha512-nSisUM0ldlNKMvovyNdDv2UJHYKeStbiNk5Q+e6sxtIDB7z0pQcZVGynBKz/PxE5zbjsyQ8b9BhhJk63KafjNQ=="
    },
    "node_modules/file-saver": {
      "version": "2.0.5",
      "resolved": "https://registry.npmjs.org/file-saver/-/file-saver-2.0.5.tgz",
      "integrity": "sha512-P9bmyZ3h/PRG+Nzga+rbdI4OEpNDzAVyy74uVO9ATgzLK6VtAsYybF/+TOCvrc0MO793d6+42lLyZTw7/ArVzA=="
    }
  },
  "dependencies": {
    "clipboard.js": {
      "version": "1.0.1",
      "resolved": "https://registry.npmjs.org/clipboard.js/-/clipboard.js-1.0.1.tgz",
      "integrity": "sha512-nSisUM0ldlNKMvovyNdDv2UJHYKeStbiNk5Q+e6sxtIDB7z0pQcZVGynBKz/PxE5zbjsyQ8b9BhhJk63KafjNQ=="
    },
    "file-saver": {
      "version": "2.0.5",
      "resolved": "https://registry.npmjs.org/file-saver/-/file-saver-2.0.5.tgz",
      "integrity": "sha512-P9bmyZ3h/PRG+Nzga+rbdI4OEpNDzAVyy74uVO9ATgzLK6VtAsYybF/+TOCvrc0MO793d6+42lLyZTw7/ArVzA=="
    }
  }
}
